github.com/google/go-cmp v0.7.0 h1:wk8382ETsv4JYUZwIsn6YpYiWiBsYLSJiTsyBybVuN8=
github.com/google/go-cmp v0.7.0/go.mod h1:pXiqmnSA92OHEEa9HXL2W4E7lf9JzCmGVUdgjX3N/iU=
golang.org/x/exp v0.0.0-20250811191247-51f88131bc50 h1:3yiSh9fhy5/RhCSntf4Sy0Tnx50DmMpQ4MQdKKk4yg4=
golang.org/x/exp v0.0.0-20250811191247-51f88131bc50/go.mod h1:rT6SFzZ7oxADUDx58pcaKFTcZ+inxAa9fTrYx/uVYwg=
